// !$*UTF8*$!
{
	archiveVersion = 1;
	classes = {
	};
	objectVersion = 48;
	objects = {

/* Begin PBXBuildFile section */
		F3141E841FF238D200CAAD95 /* Item.swift in Sources */ = {isa = PBXBuildFile; fileRef = F3141E831FF238D200CAAD95 /* Item.swift */; };
		F3141E861FF238DA00CAAD95 /* Category.swift in Sources */ = {isa = PBXBuildFile; fileRef = F3141E851FF238DA00CAAD95 /* Category.swift */; };
		F3260C0B1FF0F798005BA182 /* CategoryViewController.swift in Sources */ = {isa = PBXBuildFile; fileRef = F3260C0A1FF0F798005BA182 /* CategoryViewController.swift */; };
		F38E56281FE8FD6700219311 /* AppDelegate.swift in Sources */ = {isa = PBXBuildFile; fileRef = F38E56271FE8FD6700219311 /* AppDelegate.swift */; };
		F38E562A1FE8FD6700219311 /* TodoListViewController.swift in Sources */ = {isa = PBXBuildFile; fileRef = F38E56291FE8FD6700219311 /* TodoListViewController.swift */; };
		F38E562D1FE8FD6700219311 /* Main.storyboard in Resources */ = {isa = PBXBuildFile; fileRef = F38E562B1FE8FD6700219311 /* Main.storyboard */; };
		F38E562F1FE8FD6700219311 /* Assets.xcassets in Resources */ = {isa = PBXBuildFile; fileRef = F38E562E1FE8FD6700219311 /* Assets.xcassets */; };
		F38E56321FE8FD6700219311 /* LaunchScreen.storyboard in Resources */ = {isa = PBXBuildFile; fileRef = F38E56301FE8FD6700219311 /* LaunchScreen.storyboard */; };
		F3B4666120037CBC00EF9F5A /* SwipeTableViewController.swift in Sources */ = {isa = PBXBuildFile; fileRef = F3B4666020037CBC00EF9F5A /* SwipeTableViewController.swift */; };
		FB6A4FCCF203A2E55642820B /* Pods_Todoey.framework in Frameworks */ = {isa = PBXBuildFile; fileRef = C1AC9C49CAC7749A43347BEF /* Pods_Todoey.framework */; };
/* End PBXBuildFile section */

/* Begin PBXFileReference section */
		256345EF971B0FD7610D9ED7 /* Pods-Todoey.debug.xcconfig */ = {isa = PBXFileReference; includeInIndex = 1; lastKnownFileType = text.xcconfig; name = "Pods-Todoey.debug.xcconfig"; path = "Pods/Target Support Files/Pods-Todoey/Pods-Todoey.debug.xcconfig"; sourceTree = "<group>"; };
		767E7B016348925A66268411 /* Pods-Todoey.release.xcconfig */ = {isa = PBXFileReference; includeInIndex = 1; lastKnownFileType = text.xcconfig; name = "Pods-Todoey.release.xcconfig"; path = "Pods/Target Support Files/Pods-Todoey/Pods-Todoey.release.xcconfig"; sourceTree = "<group>"; };
		C1AC9C49CAC7749A43347BEF /* Pods_Todoey.framework */ = {isa = PBXFileReference; explicitFileType = wrapper.framework; includeInIndex = 0; path = Pods_Todoey.framework; sourceTree = BUILT_PRODUCTS_DIR; };
		F3141E831FF238D200CAAD95 /* Item.swift */ = {isa = PBXFileReference; lastKnownFileType = sourcecode.swift; path = Item.swift; sourceTree = "<group>"; };
		F3141E851FF238DA00CAAD95 /* Category.swift */ = {isa = PBXFileReference; lastKnownFileType = sourcecode.swift; path = Category.swift; sourceTree = "<group>"; };
		F3260C0A1FF0F798005BA182 /* CategoryViewController.swift */ = {isa = PBXFileReference; lastKnownFileType = sourcecode.swift; path = CategoryViewController.swift; sourceTree = "<group>"; };
		F38E56241FE8FD6700219311 /* Todoey.app */ = {isa = PBXFileReference; explicitFileType = wrapper.application; includeInIndex = 0; path = Todoey.app; sourceTree = BUILT_PRODUCTS_DIR; };
		F38E56271FE8FD6700219311 /* AppDelegate.swift */ = {isa = PBXFileReference; lastKnownFileType = sourcecode.swift; path = AppDelegate.swift; sourceTree = "<group>"; };
		F38E56291FE8FD6700219311 /* TodoListViewController.swift */ = {isa = PBXFileReference; lastKnownFileType = sourcecode.swift; path = TodoListViewController.swift; sourceTree = "<group>"; };
		F38E562C1FE8FD6700219311 /* Base */ = {isa = PBXFileReference; lastKnownFileType = file.storyboard; name = Base; path = Base.lproj/Main.storyboard; sourceTree = "<group>"; };
		F38E562E1FE8FD6700219311 /* Assets.xcassets */ = {isa = PBXFileReference; lastKnownFileType = folder.assetcatalog; path = Assets.xcassets; sourceTree = "<group>"; };
		F38E56311FE8FD6700219311 /* Base */ = {isa = PBXFileReference; lastKnownFileType = file.storyboard; name = Base; path = Base.lproj/LaunchScreen.storyboard; sourceTree = "<group>"; };
		F38E56331FE8FD6700219311 /* Info.plist */ = {isa = PBXFileReference; lastKnownFileType = text.plist.xml; path = Info.plist; sourceTree = "<group>"; };
		F3B4666020037CBC00EF9F5A /* SwipeTableViewController.swift */ = {isa = PBXFileReference; lastKnownFileType = sourcecode.swift; path = SwipeTableViewController.swift; sourceTree = "<group>"; };
/* End PBXFileReference section */

/* Begin PBXFrameworksBuildPhase section */
		F38E56211FE8FD6700219311 /* Frameworks */ = {
			isa = PBXFrameworksBuildPhase;
			buildActionMask = 2147483647;
			files = (
				FB6A4FCCF203A2E55642820B /* Pods_Todoey.framework in Frameworks */,
			);
			runOnlyForDeploymentPostprocessing = 0;
		};
/* End PBXFrameworksBuildPhase section */

/* Begin PBXGroup section */
		7C6AFE74B654B2B4F446325A /* Pods */ = {
			isa = PBXGroup;
			children = (
				256345EF971B0FD7610D9ED7 /* Pods-Todoey.debug.xcconfig */,
				767E7B016348925A66268411 /* Pods-Todoey.release.xcconfig */,
			);
			name = Pods;
			sourceTree = "<group>";
		};
		BDDE15B4E0AE408991F54EAC /* Frameworks */ = {
			isa = PBXGroup;
			children = (
				C1AC9C49CAC7749A43347BEF /* Pods_Todoey.framework */,
			);
			name = Frameworks;
			sourceTree = "<group>";
		};
		F38E561B1FE8FD6700219311 = {
			isa = PBXGroup;
			children = (
				F38E56261FE8FD6700219311 /* Todoey */,
				F38E56251FE8FD6700219311 /* Products */,
				7C6AFE74B654B2B4F446325A /* Pods */,
				BDDE15B4E0AE408991F54EAC /* Frameworks */,
			);
			sourceTree = "<group>";
		};
		F38E56251FE8FD6700219311 /* Products */ = {
			isa = PBXGroup;
			children = (
				F38E56241FE8FD6700219311 /* Todoey.app */,
			);
			name = Products;
			sourceTree = "<group>";
		};
		F38E56261FE8FD6700219311 /* Todoey */ = {
			isa = PBXGroup;
			children = (
				F38E56271FE8FD6700219311 /* AppDelegate.swift */,
				F38E563D1FE91CCE00219311 /* Views */,
				F38E563C1FE91CC700219311 /* Controllers */,
				F38E563B1FE91CBF00219311 /* Data Model */,
				F38E563E1FE91CE500219311 /* Supporting Files */,
				F38E56331FE8FD6700219311 /* Info.plist */,
			);
			path = Todoey;
			sourceTree = "<group>";
		};
		F38E563B1FE91CBF00219311 /* Data Model */ = {
			isa = PBXGroup;
			children = (
				F3141E851FF238DA00CAAD95 /* Category.swift */,
				F3141E831FF238D200CAAD95 /* Item.swift */,
			);
			path = "Data Model";
			sourceTree = "<group>";
		};
		F38E563C1FE91CC700219311 /* Controllers */ = {
			isa = PBXGroup;
			children = (
				F3260C0A1FF0F798005BA182 /* CategoryViewController.swift */,
				F38E56291FE8FD6700219311 /* TodoListViewController.swift */,
				F3B4666020037CBC00EF9F5A /* SwipeTableViewController.swift */,
			);
			path = Controllers;
			sourceTree = "<group>";
		};
		F38E563D1FE91CCE00219311 /* Views */ = {
			isa = PBXGroup;
			children = (
				F38E562B1FE8FD6700219311 /* Main.storyboard */,
			);
			path = Views;
			sourceTree = "<group>";
		};
		F38E563E1FE91CE500219311 /* Supporting Files */ = {
			isa = PBXGroup;
			children = (
				F38E562E1FE8FD6700219311 /* Assets.xcassets */,
				F38E56301FE8FD6700219311 /* LaunchScreen.storyboard */,
			);
			path = "Supporting Files";
			sourceTree = "<group>";
		};
/* End PBXGroup section */

/* Begin PBXNativeTarget section */
		F38E56231FE8FD6700219311 /* Todoey */ = {
			isa = PBXNativeTarget;
			buildConfigurationList = F38E56361FE8FD6700219311 /* Build configuration list for PBXNativeTarget "Todoey" */;
			buildPhases = (
				F4805341B6563A227D4EA98C /* [CP] Check Pods Manifest.lock */,
				F38E56201FE8FD6700219311 /* Sources */,
				F38E56211FE8FD6700219311 /* Frameworks */,
				F38E56221FE8FD6700219311 /* Resources */,
				837B521AA017190722F2800A /* [CP] Embed Pods Frameworks */,
				676A0BED00AA4FB4F23CE613 /* [CP] Copy Pods Resources */,
			);
			buildRules = (
			);
			dependencies = (
			);
			name = Todoey;
			productName = Todoey;
			productReference = F38E56241FE8FD6700219311 /* Todoey.app */;
			productType = "com.apple.product-type.application";
		};
/* End PBXNativeTarget section */

/* Begin PBXProject section */
		F38E561C1FE8FD6700219311 /* Project object */ = {
			isa = PBXProject;
			attributes = {
				LastSwiftUpdateCheck = 0920;
				LastUpgradeCheck = 0920;
				ORGANIZATIONNAME = landtanin;
				TargetAttributes = {
					F38E56231FE8FD6700219311 = {
						CreatedOnToolsVersion = 9.2;
						ProvisioningStyle = Automatic;
					};
				};
			};
			buildConfigurationList = F38E561F1FE8FD6700219311 /* Build configuration list for PBXProject "Todoey" */;
			compatibilityVersion = "Xcode 8.0";
			developmentRegion = en;
			hasScannedForEncodings = 0;
			knownRegions = (
				en,
				Base,
			);
			mainGroup = F38E561B1FE8FD6700219311;
			productRefGroup = F38E56251FE8FD6700219311 /* Products */;
			projectDirPath = "";
			projectRoot = "";
			targets = (
				F38E56231FE8FD6700219311 /* Todoey */,
			);
		};
/* End PBXProject section */

/* Begin PBXResourcesBuildPhase section */
		F38E56221FE8FD6700219311 /* Resources */ = {
			isa = PBXResourcesBuildPhase;
			buildActionMask = 2147483647;
			files = (
				F38E56321FE8FD6700219311 /* LaunchScreen.storyboard in Resources */,
				F38E562F1FE8FD6700219311 /* Assets.xcassets in Resources */,
				F38E562D1FE8FD6700219311 /* Main.storyboard in Resources */,
			);
			runOnlyForDeploymentPostprocessing = 0;
		};
/* End PBXResourcesBuildPhase section */

/* Begin PBXShellScriptBuildPhase section */
		676A0BED00AA4FB4F23CE613 /* [CP] Copy Pods Resources */ = {
			isa = PBXShellScriptBuildPhase;
			buildActionMask = 2147483647;
			files = (
			);
			inputPaths = (
			);
			name = "[CP] Copy Pods Resources";
			outputPaths = (
			);
			runOnlyForDeploymentPostprocessing = 0;
			shellPath = /bin/sh;
			shellScript = "\"${SRCROOT}/Pods/Target Support Files/Pods-Todoey/Pods-Todoey-resources.sh\"\n";
			showEnvVarsInLog = 0;
		};
		837B521AA017190722F2800A /* [CP] Embed Pods Frameworks */ = {
			isa = PBXShellScriptBuildPhase;
			buildActionMask = 2147483647;
			files = (
			);
			inputPaths = (
				"${SRCROOT}/Pods/Target Support Files/Pods-Todoey/Pods-Todoey-frameworks.sh",
				"${BUILT_PRODUCTS_DIR}/Realm/Realm.framework",
				"${BUILT_PRODUCTS_DIR}/RealmSwift/RealmSwift.framework",
				"${BUILT_PRODUCTS_DIR}/SwipeCellKit/SwipeCellKit.framework",
			);
			name = "[CP] Embed Pods Frameworks";
			outputPaths = (
				"${TARGET_BUILD_DIR}/${FRAMEWORKS_FOLDER_PATH}/Realm.framework",
				"${TARGET_BUILD_DIR}/${FRAMEWORKS_FOLDER_PATH}/RealmSwift.framework",
				"${TARGET_BUILD_DIR}/${FRAMEWORKS_FOLDER_PATH}/SwipeCellKit.framework",
			);
			runOnlyForDeploymentPostprocessing = 0;
			shellPath = /bin/sh;
			shellScript = "\"${SRCROOT}/Pods/Target Support Files/Pods-Todoey/Pods-Todoey-frameworks.sh\"\n";
			showEnvVarsInLog = 0;
		};
		F4805341B6563A227D4EA98C /* [CP] Check Pods Manifest.lock */ = {
			isa = PBXShellScriptBuildPhase;
			buildActionMask = 2147483647;
			files = (
			);
			inputPaths = (
				"${PODS_PODFILE_DIR_PATH}/Podfile.lock",
				"${PODS_ROOT}/Manifest.lock",
			);
			name = "[CP] Check Pods Manifest.lock";
			outputPaths = (
				"$(DERIVED_FILE_DIR)/Pods-Todoey-checkManifestLockResult.txt",
			);
			runOnlyForDeploymentPostprocessing = 0;
			shellPath = /bin/sh;
			shellScript = "diff \"${PODS_PODFILE_DIR_PATH}/Podfile.lock\" \"${PODS_ROOT}/Manifest.lock\" > /dev/null\nif [ $? != 0 ] ; then\n    # print error to STDERR\n    echo \"error: The sandbox is not in sync with the Podfile.lock. Run 'pod install' or update your CocoaPods installation.\" >&2\n    exit 1\nfi\n# This output is used by Xcode 'outputs' to avoid re-running this script phase.\necho \"SUCCESS\" > \"${SCRIPT_OUTPUT_FILE_0}\"\n";
			showEnvVarsInLog = 0;
		};
/* End PBXShellScriptBuildPhase section */

/* Begin PBXSourcesBuildPhase section */
		F38E56201FE8FD6700219311 /* Sources */ = {
			isa = PBXSourcesBuildPhase;
			buildActionMask = 2147483647;
			files = (
				F3141E841FF238D200CAAD95 /* Item.swift in Sources */,
				F3260C0B1FF0F798005BA182 /* CategoryViewController.swift in Sources */,
				F38E562A1FE8FD6700219311 /* TodoListViewController.swift in Sources */,
				F38E56281FE8FD6700219311 /* AppDelegate.swift in Sources */,
				F3B4666120037CBC00EF9F5A /* SwipeTableViewController.swift in Sources */,
				F3141E861FF238DA00CAAD95 /* Category.swift in Sources */,
			);
			runOnlyForDeploymentPostprocessing = 0;
		};
/* End PBXSourcesBuildPhase section */

/* Begin PBXVariantGroup section */
		F38E562B1FE8FD6700219311 /* Main.storyboard */ = {
			isa = PBXVariantGroup;
			children = (
				F38E562C1FE8FD6700219311 /* Base */,
			);
			name = Main.storyboard;
			sourceTree = "<group>";
		};
		F38E56301FE8FD6700219311 /* LaunchScreen.storyboard */ = {
			isa = PBXVariantGroup;
			children = (
				F38E56311FE8FD6700219311 /* Base */,
			);
			name = LaunchScreen.storyboard;
			sourceTree = "<group>";
		};
/* End PBXVariantGroup section */

/* Begin XCBuildConfiguration section */
		F38E56341FE8FD6700219311 /* Debug */ = {
			isa = XCBuildConfiguration;
			buildSettings = {
				ALWAYS_SEARCH_USER_PATHS = NO;
				CLANG_ANALYZER_NONNULL = YES;
				CLANG_ANALYZER_NUMBER_OBJECT_CONVERSION = YES_AGGRESSIVE;
				CLANG_CXX_LANGUAGE_STANDARD = "gnu++14";
				CLANG_CXX_LIBRARY = "libc++";
				CLANG_ENABLE_MODULES = YES;
				CLANG_ENABLE_OBJC_ARC = YES;
				CLANG_WARN_BLOCK_CAPTURE_AUTORELEASING = YES;
				CLANG_WARN_BOOL_CONVERSION = YES;
				CLANG_WARN_COMMA = YES;
				CLANG_WARN_CONSTANT_CONVERSION = YES;
				CLANG_WARN_DIRECT_OBJC_ISA_USAGE = YES_ERROR;
				CLANG_WARN_DOCUMENTATION_COMMENTS = YES;
				CLANG_WARN_EMPTY_BODY = YES;
				CLANG_WARN_ENUM_CONVERSION = YES;
				CLANG_WARN_INFINITE_RECURSION = YES;
				CLANG_WARN_INT_CONVERSION = YES;
				CLANG_WARN_NON_LITERAL_NULL_CONVERSION = YES;
				CLANG_WARN_OBJC_LITERAL_CONVERSION = YES;
				CLANG_WARN_OBJC_ROOT_CLASS = YES_ERROR;
				CLANG_WARN_RANGE_LOOP_ANALYSIS = YES;
				CLANG_WARN_STRICT_PROTOTYPES = YES;
				CLANG_WARN_SUSPICIOUS_MOVE = YES;
				CLANG_WARN_UNGUARDED_AVAILABILITY = YES_AGGRESSIVE;
				CLANG_WARN_UNREACHABLE_CODE = YES;
				CLANG_WARN__DUPLICATE_METHOD_MATCH = YES;
				CODE_SIGN_IDENTITY = "iPhone Developer";
				COPY_PHASE_STRIP = NO;
				DEBUG_INFORMATION_FORMAT = dwarf;
				ENABLE_STRICT_OBJC_MSGSEND = YES;
				ENABLE_TESTABILITY = YES;
				GCC_C_LANGUAGE_STANDARD = gnu11;
				GCC_DYNAMIC_NO_PIC = NO;
				GCC_NO_COMMON_BLOCKS = YES;
				GCC_OPTIMIZATION_LEVEL = 0;
				GCC_PREPROCESSOR_DEFINITIONS = (
					"DEBUG=1",
					"$(inherited)",
				);
				GCC_WARN_64_TO_32_BIT_CONVERSION = YES;
				GCC_WARN_ABOUT_RETURN_TYPE = YES_ERROR;
				GCC_WARN_UNDECLARED_SELECTOR = YES;
				GCC_WARN_UNINITIALIZED_AUTOS = YES_AGGRESSIVE;
				GCC_WARN_UNUSED_FUNCTION = YES;
				GCC_WARN_UNUSED_VARIABLE = YES;
				IPHONEOS_DEPLOYMENT_TARGET = 11.2;
				MTL_ENABLE_DEBUG_INFO = YES;
				ONLY_ACTIVE_ARCH = YES;
				SDKROOT = iphoneos;
				SWIFT_ACTIVE_COMPILATION_CONDITIONS = DEBUG;
				SWIFT_OPTIMIZATION_LEVEL = "-Onone";
			};
			name = Debug;
		};
		F38E56351FE8FD6700219311 /* Release */ = {
			isa = XCBuildConfiguration;
			buildSettings = {
				ALWAYS_SEARCH_USER_PATHS = NO;
				CLANG_ANALYZER_NONNULL = YES;
				CLANG_ANALYZER_NUMBER_OBJECT_CONVERSION = YES_AGGRESSIVE;
				CLANG_CXX_LANGUAGE_STANDARD = "gnu++14";
				CLANG_CXX_LIBRARY = "libc++";
				CLANG_ENABLE_MODULES = YES;
				CLANG_ENABLE_OBJC_ARC = YES;
				CLANG_WARN_BLOCK_CAPTURE_AUTORELEASING = YES;
				CLANG_WARN_BOOL_CONVERSION = YES;
				CLANG_WARN_COMMA = YES;
				CLANG_WARN_CONSTANT_CONVERSION = YES;
				CLANG_WARN_DIRECT_OBJC_ISA_USAGE = YES_ERROR;
				CLANG_WARN_DOCUMENTATION_COMMENTS = YES;
				CLANG_WARN_EMPTY_BODY = YES;
				CLANG_WARN_ENUM_CONVERSION = YES;
				CLANG_WARN_INFINITE_RECURSION = YES;
				CLANG_WARN_INT_CONVERSION = YES;
				CLANG_WARN_NON_LITERAL_NULL_CONVERSION = YES;
				CLANG_WARN_OBJC_LITERAL_CONVERSION = YES;
				CLANG_WARN_OBJC_ROOT_CLASS = YES_ERROR;
				CLANG_WARN_RANGE_LOOP_ANALYSIS = YES;
				CLANG_WARN_STRICT_PROTOTYPES = YES;
				CLANG_WARN_SUSPICIOUS_MOVE = YES;
				CLANG_WARN_UNGUARDED_AVAILABILITY = YES_AGGRESSIVE;
				CLANG_WARN_UNREACHABLE_CODE = YES;
				CLANG_WARN__DUPLICATE_METHOD_MATCH = YES;
				CODE_SIGN_IDENTITY = "iPhone Developer";
				COPY_PHASE_STRIP = NO;
				DEBUG_INFORMATION_FORMAT = "dwarf-with-dsym";
				ENABLE_NS_ASSERTIONS = NO;
				ENABLE_STRICT_OBJC_MSGSEND = YES;
				GCC_C_LANGUAGE_STANDARD = gnu11;
				GCC_NO_COMMON_BLOCKS = YES;
				GCC_WARN_64_TO_32_BIT_CONVERSION = YES;
				GCC_WARN_ABOUT_RETURN_TYPE = YES_ERROR;
				GCC_WARN_UNDECLARED_SELECTOR = YES;
				GCC_WARN_UNINITIALIZED_AUTOS = YES_AGGRESSIVE;
				GCC_WARN_UNUSED_FUNCTION = YES;
				GCC_WARN_UNUSED_VARIABLE = YES;
				IPHONEOS_DEPLOYMENT_TARGET = 11.2;
				MTL_ENABLE_DEBUG_INFO = NO;
				SDKROOT = iphoneos;
				SWIFT_OPTIMIZATION_LEVEL = "-Owholemodule";
				VALIDATE_PRODUCT = YES;
			};
			name = Release;
		};
		F38E56371FE8FD6700219311 /* Debug */ = {
			isa = XCBuildConfiguration;
			baseConfigurationReference = 256345EF971B0FD7610D9ED7 /* Pods-Todoey.debug.xcconfig */;
			buildSettings = {
				ASSETCATALOG_COMPILER_APPICON_NAME = AppIcon;
				CODE_SIGN_STYLE = Automatic;
				DEVELOPMENT_TEAM = 4246PMBZVS;
				INFOPLIST_FILE = Todoey/Info.plist;
				LD_RUNPATH_SEARCH_PATHS = "$(inherited) @executable_path/Frameworks";
				NEW_SETTING = "";
				PRODUCT_BUNDLE_IDENTIFIER = com.landtanin.Todoey;
				PRODUCT_NAME = "$(TARGET_NAME)";
				SWIFT_VERSION = 4.0;
				TARGETED_DEVICE_FAMILY = "1,2";
			};
			name = Debug;
		};
		F38E56381FE8FD6700219311 /* Release */ = {
			isa = XCBuildConfiguration;
			baseConfigurationReference = 767E7B016348925A66268411 /* Pods-Todoey.release.xcconfig */;
			buildSettings = {
				ASSETCATALOG_COMPILER_APPICON_NAME = AppIcon;
				CODE_SIGN_STYLE = Automatic;
				DEVELOPMENT_TEAM = 4246PMBZVS;
				INFOPLIST_FILE = Todoey/Info.plist;
				LD_RUNPATH_SEARCH_PATHS = "$(inherited) @executable_path/Frameworks";
				NEW_SETTING = "";
				PRODUCT_BUNDLE_IDENTIFIER = com.landtanin.Todoey;
				PRODUCT_NAME = "$(TARGET_NAME)";
				SWIFT_VERSION = 4.0;
				TARGETED_DEVICE_FAMILY = "1,2";
			};
			name = Release;
		};
/* End XCBuildConfiguration section */

/* Begin XCConfigurationList section */
		F38E561F1FE8FD6700219311 /* Build configuration list for PBXProject "Todoey" */ = {
			isa = XCConfigurationList;
			buildConfigurations = (
				F38E56341FE8FD6700219311 /* Debug */,
				F38E56351FE8FD6700219311 /* Release */,
			);
			defaultConfigurationIsVisible = 0;
			defaultConfigurationName = Release;
		};
		F38E56361FE8FD6700219311 /* Build configuration list for PBXNativeTarget "Todoey" */ = {
			isa = XCConfigurationList;
			buildConfigurations = (
				F38E56371FE8FD6700219311 /* Debug */,
				F38E56381FE8FD6700219311 /* Release */,
			);
			defaultConfigurationIsVisible = 0;
			defaultConfigurationName = Release;
		};
/* End XCConfigurationList section */
	};
	rootObject = F38E561C1FE8FD6700219311 /* Project object */;
}
